
Microsoft Visual Studio Solution File, Format Version 12.00
# Visual Studio 15
VisualStudioVersion = 15.0.25920.0
MinimumVisualStudioVersion = 10.0.40219.1
Project("{FAE04EC0-301F-11D3-BF4B-00C04F79EFBC}") = "Shop Product.Parser", "Shop Product Parser\Shop Product.Parser.csproj", "{1ED72975-AE68-4D74-99C9-22F7DB1C2998}"
EndProject
Project("{FAE04EC0-301F-11D3-BF4B-00C04F79EFBC}") = "Shop Product.Data", "Shop Product.Data\Shop Product.Data.csproj", "{082ECF53-13C6-4007-9365-DB436E3E4E18}"
EndProject
Project("{FAE04EC0-301F-11D3-BF4B-00C04F79EFBC}") = "Shop Product.Viewer", "Shop Product.Viewer\Shop Product.Viewer.csproj", "{178600AE-A5B5-495B-AC5F-520985B29A8F}"
EndProject
Global
	GlobalSection(SolutionConfigurationPlatforms) = preSolution
		Debug|Any CPU = Debug|Any CPU
		Release|Any CPU = Release|Any CPU
	EndGlobalSection
	GlobalSection(ProjectConfigurationPlatforms) = postSolution
		{1ED72975-AE68-4D74-99C9-22F7DB1C2998}.Debug|Any CPU.ActiveCfg = Debug|Any CPU
		{1ED72975-AE68-4D74-99C9-22F7DB1C2998}.Debug|Any CPU.Build.0 = Debug|Any CPU
		{1ED72975-AE68-4D74-99C9-22F7DB1C2998}.Release|Any CPU.ActiveCfg = Release|Any CPU
		{1ED72975-AE68-4D74-99C9-22F7DB1C2998}.Release|Any CPU.Build.0 = Release|Any CPU
		{082ECF53-13C6-4007-9365-DB436E3E4E18}.Debug|Any CPU.ActiveCfg = Debug|Any CPU
		{082ECF53-13C6-4007-9365-DB436E3E4E18}.Debug|Any CPU.Build.0 = Debug|Any CPU
		{082ECF53-13C6-4007-9365-DB436E3E4E18}.Release|Any CPU.ActiveCfg = Release|Any CPU
		{082ECF53-13C6-4007-9365-DB436E3E4E18}.Release|Any CPU.Build.0 = Release|Any CPU
		{178600AE-A5B5-495B-AC5F-520985B29A8F}.Debug|Any CPU.ActiveCfg = Debug|Any CPU
		{178600AE-A5B5-495B-AC5F-520985B29A8F}.Debug|Any CPU.Build.0 = Debug|Any CPU
		{178600AE-A5B5-495B-AC5F-520985B29A8F}.Release|Any CPU.ActiveCfg = Release|Any CPU
		{178600AE-A5B5-495B-AC5F-520985B29A8F}.Release|Any CPU.Build.0 = Release|Any CPU
	EndGlobalSection
	GlobalSection(SolutionProperties) = preSolution
		HideSolutionNode = FALSE
	EndGlobalSection
EndGlobal
